// !$*UTF8*$!
{
	archiveVersion = 1;
	classes = {
	};
	objectVersion = 55;
	objects = {

/* Begin PBXBuildFile section */
		1108882C28193045001CD721 /* AddCoffeeGroundsTabView.swift in Sources */ = {isa = PBXBuildFile; fileRef = 1108882B28193045001CD721 /* AddCoffeeGroundsTabView.swift */; };
		1108882E28193497001CD721 /* StepWithButton.swift in Sources */ = {isa = PBXBuildFile; fileRef = 1108882D28193497001CD721 /* StepWithButton.swift */; };
		11088830281940DC001CD721 /* BloomTimerView.swift in Sources */ = {isa = PBXBuildFile; fileRef = 1108882F281940DC001CD721 /* BloomTimerView.swift */; };
		11088832281971DB001CD721 /* RestOfWaterView.swift in Sources */ = {isa = PBXBuildFile; fileRef = 11088831281971DB001CD721 /* RestOfWaterView.swift */; };
		112DC73A2817F3EC00E1FA66 /* BrewingView.swift in Sources */ = {isa = PBXBuildFile; fileRef = 112DC7392817F3EC00E1FA66 /* BrewingView.swift */; };
		112DC73F28191FDB00E1FA66 /* AppState.swift in Sources */ = {isa = PBXBuildFile; fileRef = 112DC73E28191FDB00E1FA66 /* AppState.swift */; };
		1155EBDA2817D20C0020F421 /* VietDrip WatchKit App.app in Embed Watch Content */ = {isa = PBXBuildFile; fileRef = 1155EBD92817D20C0020F421 /* VietDrip WatchKit App.app */; settings = {ATTRIBUTES = (RemoveHeadersOnCopy, ); }; };
		1155EBDF2817D20E0020F421 /* Assets.xcassets in Resources */ = {isa = PBXBuildFile; fileRef = 1155EBDE2817D20E0020F421 /* Assets.xcassets */; };
		1155EBE52817D20E0020F421 /* VietDrip WatchKit Extension.appex in Embed App Extensions */ = {isa = PBXBuildFile; fileRef = 1155EBE42817D20E0020F421 /* VietDrip WatchKit Extension.appex */; settings = {ATTRIBUTES = (RemoveHeadersOnCopy, ); }; };
		1155EBEA2817D20E0020F421 /* VietDripApp.swift in Sources */ = {isa = PBXBuildFile; fileRef = 1155EBE92817D20E0020F421 /* VietDripApp.swift */; };
		1155EBEC2817D20E0020F421 /* CustomizeCupView.swift in Sources */ = {isa = PBXBuildFile; fileRef = 1155EBEB2817D20E0020F421 /* CustomizeCupView.swift */; };
		1155EBEE2817D20E0020F421 /* NotificationController.swift in Sources */ = {isa = PBXBuildFile; fileRef = 1155EBED2817D20E0020F421 /* NotificationController.swift */; };
		1155EBF02817D20E0020F421 /* NotificationView.swift in Sources */ = {isa = PBXBuildFile; fileRef = 1155EBEF2817D20E0020F421 /* NotificationView.swift */; };
		1155EBF22817D20E0020F421 /* ComplicationController.swift in Sources */ = {isa = PBXBuildFile; fileRef = 1155EBF12817D20E0020F421 /* ComplicationController.swift */; };
		1155EBF42817D20E0020F421 /* Assets.xcassets in Resources */ = {isa = PBXBuildFile; fileRef = 1155EBF32817D20E0020F421 /* Assets.xcassets */; };
		1155EBF72817D20E0020F421 /* Preview Assets.xcassets in Resources */ = {isa = PBXBuildFile; fileRef = 1155EBF62817D20E0020F421 /* Preview Assets.xcassets */; };
		1155EC112817DBE00020F421 /* IngredientsView.swift in Sources */ = {isa = PBXBuildFile; fileRef = 1155EC102817DBE00020F421 /* IngredientsView.swift */; };
/* End PBXBuildFile section */

/* Begin PBXContainerItemProxy section */
		1155EBDB2817D20C0020F421 /* PBXContainerItemProxy */ = {
			isa = PBXContainerItemProxy;
			containerPortal = 1155EBCF2817D20C0020F421 /* Project object */;
			proxyType = 1;
			remoteGlobalIDString = 1155EBD82817D20C0020F421;
			remoteInfo = "VietDrip WatchKit App";
		};
		1155EBE62817D20E0020F421 /* PBXContainerItemProxy */ = {
			isa = PBXContainerItemProxy;
			containerPortal = 1155EBCF2817D20C0020F421 /* Project object */;
			proxyType = 1;
			remoteGlobalIDString = 1155EBE32817D20E0020F421;
			remoteInfo = "VietDrip WatchKit Extension";
		};
/* End PBXContainerItemProxy section */

/* Begin PBXCopyFilesBuildPhase section */
		1155EBFF2817D20E0020F421 /* Embed App Extensions */ = {
			isa = PBXCopyFilesBuildPhase;
			buildActionMask = 2147483647;
			dstPath = "";
			dstSubfolderSpec = 13;
			files = (
				1155EBE52817D20E0020F421 /* VietDrip WatchKit Extension.appex in Embed App Extensions */,
			);
			name = "Embed App Extensions";
			runOnlyForDeploymentPostprocessing = 0;
		};
		1155EC032817D20E0020F421 /* Embed Watch Content */ = {
			isa = PBXCopyFilesBuildPhase;
			buildActionMask = 2147483647;
			dstPath = "$(CONTENTS_FOLDER_PATH)/Watch";
			dstSubfolderSpec = 16;
			files = (
				1155EBDA2817D20C0020F421 /* VietDrip WatchKit App.app in Embed Watch Content */,
			);
			name = "Embed Watch Content";
			runOnlyForDeploymentPostprocessing = 0;
		};
/* End PBXCopyFilesBuildPhase section */

/* Begin PBXFileReference section */
		1108882B28193045001CD721 /* AddCoffeeGroundsTabView.swift */ = {isa = PBXFileReference; lastKnownFileType = sourcecode.swift; path = AddCoffeeGroundsTabView.swift; sourceTree = "<group>"; };
		1108882D28193497001CD721 /* StepWithButton.swift */ = {isa = PBXFileReference; lastKnownFileType = sourcecode.swift; path = StepWithButton.swift; sourceTree = "<group>"; };
		1108882F281940DC001CD721 /* BloomTimerView.swift */ = {isa = PBXFileReference; lastKnownFileType = sourcecode.swift; path = BloomTimerView.swift; sourceTree = "<group>"; };
		11088831281971DB001CD721 /* RestOfWaterView.swift */ = {isa = PBXFileReference; lastKnownFileType = sourcecode.swift; path = RestOfWaterView.swift; sourceTree = "<group>"; };
		112DC7392817F3EC00E1FA66 /* BrewingView.swift */ = {isa = PBXFileReference; lastKnownFileType = sourcecode.swift; path = BrewingView.swift; sourceTree = "<group>"; };
		112DC73E28191FDB00E1FA66 /* AppState.swift */ = {isa = PBXFileReference; lastKnownFileType = sourcecode.swift; path = AppState.swift; sourceTree = "<group>"; };
		1155EBD52817D20C0020F421 /* VietDrip.app */ = {isa = PBXFileReference; explicitFileType = wrapper.application; includeInIndex = 0; path = VietDrip.app; sourceTree = BUILT_PRODUCTS_DIR; };
		1155EBD92817D20C0020F421 /* VietDrip WatchKit App.app */ = {isa = PBXFileReference; explicitFileType = wrapper.application; includeInIndex = 0; path = "VietDrip WatchKit App.app"; sourceTree = BUILT_PRODUCTS_DIR; };
		1155EBDE2817D20E0020F421 /* Assets.xcassets */ = {isa = PBXFileReference; lastKnownFileType = folder.assetcatalog; path = Assets.xcassets; sourceTree = "<group>"; };
		1155EBE42817D20E0020F421 /* VietDrip WatchKit Extension.appex */ = {isa = PBXFileReference; explicitFileType = "wrapper.app-extension"; includeInIndex = 0; path = "VietDrip WatchKit Extension.appex"; sourceTree = BUILT_PRODUCTS_DIR; };
		1155EBE92817D20E0020F421 /* VietDripApp.swift */ = {isa = PBXFileReference; lastKnownFileType = sourcecode.swift; path = VietDripApp.swift; sourceTree = "<group>"; };
		1155EBEB2817D20E0020F421 /* CustomizeCupView.swift */ = {isa = PBXFileReference; lastKnownFileType = sourcecode.swift; path = CustomizeCupView.swift; sourceTree = "<group>"; };
		1155EBED2817D20E0020F421 /* NotificationController.swift */ = {isa = PBXFileReference; lastKnownFileType = sourcecode.swift; path = NotificationController.swift; sourceTree = "<group>"; };
		1155EBEF2817D20E0020F421 /* NotificationView.swift */ = {isa = PBXFileReference; lastKnownFileType = sourcecode.swift; path = NotificationView.swift; sourceTree = "<group>"; };
		1155EBF12817D20E0020F421 /* ComplicationController.swift */ = {isa = PBXFileReference; lastKnownFileType = sourcecode.swift; path = ComplicationController.swift; sourceTree = "<group>"; };
		1155EBF32817D20E0020F421 /* Assets.xcassets */ = {isa = PBXFileReference; lastKnownFileType = folder.assetcatalog; path = Assets.xcassets; sourceTree = "<group>"; };
		1155EBF62817D20E0020F421 /* Preview Assets.xcassets */ = {isa = PBXFileReference; lastKnownFileType = folder.assetcatalog; path = "Preview Assets.xcassets"; sourceTree = "<group>"; };
		1155EBF82817D20E0020F421 /* Info.plist */ = {isa = PBXFileReference; lastKnownFileType = text.plist.xml; path = Info.plist; sourceTree = "<group>"; };
		1155EBF92817D20E0020F421 /* PushNotificationPayload.apns */ = {isa = PBXFileReference; lastKnownFileType = text; path = PushNotificationPayload.apns; sourceTree = "<group>"; };
		1155EC102817DBE00020F421 /* IngredientsView.swift */ = {isa = PBXFileReference; lastKnownFileType = sourcecode.swift; path = IngredientsView.swift; sourceTree = "<group>"; };
/* End PBXFileReference section */

/* Begin PBXFrameworksBuildPhase section */
		1155EBE12817D20E0020F421 /* Frameworks */ = {
			isa = PBXFrameworksBuildPhase;
			buildActionMask = 2147483647;
			files = (
			);
			runOnlyForDeploymentPostprocessing = 0;
		};
/* End PBXFrameworksBuildPhase section */

/* Begin PBXGroup section */
		112DC7382817EF2A00E1FA66 /* Step */ = {
			isa = PBXGroup;
			children = (
				1108882B28193045001CD721 /* AddCoffeeGroundsTabView.swift */,
				1108882D28193497001CD721 /* StepWithButton.swift */,
				1108882F281940DC001CD721 /* BloomTimerView.swift */,
				11088831281971DB001CD721 /* RestOfWaterView.swift */,
			);
			path = Step;
			sourceTree = "<group>";
		};
		112DC73B28191F5C00E1FA66 /* EnvironmentObject */ = {
			isa = PBXGroup;
			children = (
				112DC73E28191FDB00E1FA66 /* AppState.swift */,
			);
			path = EnvironmentObject;
			sourceTree = "<group>";
		};
		1155EBCE2817D20C0020F421 = {
			isa = PBXGroup;
			children = (
				1155EBDD2817D20C0020F421 /* VietDrip WatchKit App */,
				1155EBE82817D20E0020F421 /* VietDrip WatchKit Extension */,
				1155EBD62817D20C0020F421 /* Products */,
			);
			sourceTree = "<group>";
		};
		1155EBD62817D20C0020F421 /* Products */ = {
			isa = PBXGroup;
			children = (
				1155EBD52817D20C0020F421 /* VietDrip.app */,
				1155EBD92817D20C0020F421 /* VietDrip WatchKit App.app */,
				1155EBE42817D20E0020F421 /* VietDrip WatchKit Extension.appex */,
			);
			name = Products;
			sourceTree = "<group>";
		};
		1155EBDD2817D20C0020F421 /* VietDrip WatchKit App */ = {
			isa = PBXGroup;
			children = (
				1155EBDE2817D20E0020F421 /* Assets.xcassets */,
			);
			path = "VietDrip WatchKit App";
			sourceTree = "<group>";
		};
		1155EBE82817D20E0020F421 /* VietDrip WatchKit Extension */ = {
			isa = PBXGroup;
			children = (
				112DC73B28191F5C00E1FA66 /* EnvironmentObject */,
				1155EC0D2817DB770020F421 /* View */,
				1155EBE92817D20E0020F421 /* VietDripApp.swift */,
				1155EBED2817D20E0020F421 /* NotificationController.swift */,
				1155EBEF2817D20E0020F421 /* NotificationView.swift */,
				1155EBF12817D20E0020F421 /* ComplicationController.swift */,
				1155EBF32817D20E0020F421 /* Assets.xcassets */,
				1155EBF82817D20E0020F421 /* Info.plist */,
				1155EBF92817D20E0020F421 /* PushNotificationPayload.apns */,
				1155EBF52817D20E0020F421 /* Preview Content */,
			);
			path = "VietDrip WatchKit Extension";
			sourceTree = "<group>";
		};
		1155EBF52817D20E0020F421 /* Preview Content */ = {
			isa = PBXGroup;
			children = (
				1155EBF62817D20E0020F421 /* Preview Assets.xcassets */,
			);
			path = "Preview Content";
			sourceTree = "<group>";
		};
		1155EC0D2817DB770020F421 /* View */ = {
			isa = PBXGroup;
			children = (
				112DC7382817EF2A00E1FA66 /* Step */,
				1155EBEB2817D20E0020F421 /* CustomizeCupView.swift */,
				112DC7392817F3EC00E1FA66 /* BrewingView.swift */,
				1155EC102817DBE00020F421 /* IngredientsView.swift */,
			);
			path = View;
			sourceTree = "<group>";
		};
/* End PBXGroup section */

/* Begin PBXNativeTarget section */
		1155EBD42817D20C0020F421 /* VietDrip */ = {
			isa = PBXNativeTarget;
			buildConfigurationList = 1155EC042817D20E0020F421 /* Build configuration list for PBXNativeTarget "VietDrip" */;
			buildPhases = (
				1155EBD32817D20C0020F421 /* Resources */,
				1155EC032817D20E0020F421 /* Embed Watch Content */,
			);
			buildRules = (
			);
			dependencies = (
				1155EBDC2817D20C0020F421 /* PBXTargetDependency */,
			);
			name = VietDrip;
			productName = VietDrip;
			productReference = 1155EBD52817D20C0020F421 /* VietDrip.app */;
			productType = "com.apple.product-type.application.watchapp2-container";
		};
		1155EBD82817D20C0020F421 /* VietDrip WatchKit App */ = {
			isa = PBXNativeTarget;
			buildConfigurationList = 1155EC002817D20E0020F421 /* Build configuration list for PBXNativeTarget "VietDrip WatchKit App" */;
			buildPhases = (
				1155EBD72817D20C0020F421 /* Resources */,
				1155EBFF2817D20E0020F421 /* Embed App Extensions */,
			);
			buildRules = (
			);
			dependencies = (
				1155EBE72817D20E0020F421 /* PBXTargetDependency */,
			);
			name = "VietDrip WatchKit App";
			productName = "VietDrip WatchKit App";
			productReference = 1155EBD92817D20C0020F421 /* VietDrip WatchKit App.app */;
			productType = "com.apple.product-type.application.watchapp2";
		};
		1155EBE32817D20E0020F421 /* VietDrip WatchKit Extension */ = {
			isa = PBXNativeTarget;
			buildConfigurationList = 1155EBFC2817D20E0020F421 /* Build configuration list for PBXNativeTarget "VietDrip WatchKit Extension" */;
			buildPhases = (
				1155EBE02817D20E0020F421 /* Sources */,
				1155EBE12817D20E0020F421 /* Frameworks */,
				1155EBE22817D20E0020F421 /* Resources */,
			);
			buildRules = (
			);
			dependencies = (
			);
			name = "VietDrip WatchKit Extension";
			productName = "VietDrip WatchKit Extension";
			productReference = 1155EBE42817D20E0020F421 /* VietDrip WatchKit Extension.appex */;
			productType = "com.apple.product-type.watchkit2-extension";
		};
/* End PBXNativeTarget section */

/* Begin PBXProject section */
		1155EBCF2817D20C0020F421 /* Project object */ = {
			isa = PBXProject;
			attributes = {
				BuildIndependentTargetsInParallel = 1;
				LastSwiftUpdateCheck = 1330;
				LastUpgradeCheck = 1330;
				TargetAttributes = {
					1155EBD42817D20C0020F421 = {
						CreatedOnToolsVersion = 13.3.1;
					};
					1155EBD82817D20C0020F421 = {
						CreatedOnToolsVersion = 13.3.1;
					};
					1155EBE32817D20E0020F421 = {
						CreatedOnToolsVersion = 13.3.1;
					};
				};
			};
			buildConfigurationList = 1155EBD22817D20C0020F421 /* Build configuration list for PBXProject "VietDrip" */;
			compatibilityVersion = "Xcode 13.0";
			developmentRegion = en;
			hasScannedForEncodings = 0;
			knownRegions = (
				en,
				Base,
			);
			mainGroup = 1155EBCE2817D20C0020F421;
			productRefGroup = 1155EBD62817D20C0020F421 /* Products */;
			projectDirPath = "";
			projectRoot = "";
			targets = (
				1155EBD42817D20C0020F421 /* VietDrip */,
				1155EBD82817D20C0020F421 /* VietDrip WatchKit App */,
				1155EBE32817D20E0020F421 /* VietDrip WatchKit Extension */,
			);
		};
/* End PBXProject section */

/* Begin PBXResourcesBuildPhase section */
		1155EBD32817D20C0020F421 /* Resources */ = {
			isa = PBXResourcesBuildPhase;
			buildActionMask = 2147483647;
			files = (
			);
			runOnlyForDeploymentPostprocessing = 0;
		};
		1155EBD72817D20C0020F421 /* Resources */ = {
			isa = PBXResourcesBuildPhase;
			buildActionMask = 2147483647;
			files = (
				1155EBDF2817D20E0020F421 /* Assets.xcassets in Resources */,
			);
			runOnlyForDeploymentPostprocessing = 0;
		};
		1155EBE22817D20E0020F421 /* Resources */ = {
			isa = PBXResourcesBuildPhase;
			buildActionMask = 2147483647;
			files = (
				1155EBF72817D20E0020F421 /* Preview Assets.xcassets in Resources */,
				1155EBF42817D20E0020F421 /* Assets.xcassets in Resources */,
			);
			runOnlyForDeploymentPostprocessing = 0;
		};
/* End PBXResourcesBuildPhase section */

/* Begin PBXSourcesBuildPhase section */
		1155EBE02817D20E0020F421 /* Sources */ = {
			isa = PBXSourcesBuildPhase;
			buildActionMask = 2147483647;
			files = (
				1155EBEE2817D20E0020F421 /* NotificationController.swift in Sources */,
				1108882E28193497001CD721 /* StepWithButton.swift in Sources */,
				112DC73F28191FDB00E1FA66 /* AppState.swift in Sources */,
				1108882C28193045001CD721 /* AddCoffeeGroundsTabView.swift in Sources */,
				1155EBEC2817D20E0020F421 /* CustomizeCupView.swift in Sources */,
				11088832281971DB001CD721 /* RestOfWaterView.swift in Sources */,
				11088830281940DC001CD721 /* BloomTimerView.swift in Sources */,
				1155EC112817DBE00020F421 /* IngredientsView.swift in Sources */,
				1155EBF22817D20E0020F421 /* ComplicationController.swift in Sources */,
				112DC73A2817F3EC00E1FA66 /* BrewingView.swift in Sources */,
				1155EBEA2817D20E0020F421 /* VietDripApp.swift in Sources */,
				1155EBF02817D20E0020F421 /* NotificationView.swift in Sources */,
			);
			runOnlyForDeploymentPostprocessing = 0;
		};
/* End PBXSourcesBuildPhase section */

/* Begin PBXTargetDependency section */
		1155EBDC2817D20C0020F421 /* PBXTargetDependency */ = {
			isa = PBXTargetDependency;
			target = 1155EBD82817D20C0020F421 /* VietDrip WatchKit App */;
			targetProxy = 1155EBDB2817D20C0020F421 /* PBXContainerItemProxy */;
		};
		1155EBE72817D20E0020F421 /* PBXTargetDependency */ = {
			isa = PBXTargetDependency;
			target = 1155EBE32817D20E0020F421 /* VietDrip WatchKit Extension */;
			targetProxy = 1155EBE62817D20E0020F421 /* PBXContainerItemProxy */;
		};
/* End PBXTargetDependency section */

/* Begin XCBuildConfiguration section */
		1155EBFA2817D20E0020F421 /* Debug */ = {
			isa = XCBuildConfiguration;
			buildSettings = {
				ALWAYS_SEARCH_USER_PATHS = NO;
				CLANG_ANALYZER_NONNULL = YES;
				CLANG_ANALYZER_NUMBER_OBJECT_CONVERSION = YES_AGGRESSIVE;
				CLANG_CXX_LANGUAGE_STANDARD = "gnu++17";
				CLANG_ENABLE_MODULES = YES;
				CLANG_ENABLE_OBJC_ARC = YES;
				CLANG_ENABLE_OBJC_WEAK = YES;
				CLANG_WARN_BLOCK_CAPTURE_AUTORELEASING = YES;
				CLANG_WARN_BOOL_CONVERSION = YES;
				CLANG_WARN_COMMA = YES;
				CLANG_WARN_CONSTANT_CONVERSION = YES;
				CLANG_WARN_DEPRECATED_OBJC_IMPLEMENTATIONS = YES;
				CLANG_WARN_DIRECT_OBJC_ISA_USAGE = YES_ERROR;
				CLANG_WARN_DOCUMENTATION_COMMENTS = YES;
				CLANG_WARN_EMPTY_BODY = YES;
				CLANG_WARN_ENUM_CONVERSION = YES;
				CLANG_WARN_INFINITE_RECURSION = YES;
				CLANG_WARN_INT_CONVERSION = YES;
				CLANG_WARN_NON_LITERAL_NULL_CONVERSION = YES;
				CLANG_WARN_OBJC_IMPLICIT_RETAIN_SELF = YES;
				CLANG_WARN_OBJC_LITERAL_CONVERSION = YES;
				CLANG_WARN_OBJC_ROOT_CLASS = YES_ERROR;
				CLANG_WARN_QUOTED_INCLUDE_IN_FRAMEWORK_HEADER = YES;
				CLANG_WARN_RANGE_LOOP_ANALYSIS = YES;
				CLANG_WARN_STRICT_PROTOTYPES = YES;
				CLANG_WARN_SUSPICIOUS_MOVE = YES;
				CLANG_WARN_UNGUARDED_AVAILABILITY = YES_AGGRESSIVE;
				CLANG_WARN_UNREACHABLE_CODE = YES;
				CLANG_WARN__DUPLICATE_METHOD_MATCH = YES;
				COPY_PHASE_STRIP = NO;
				DEBUG_INFORMATION_FORMAT = dwarf;
				ENABLE_STRICT_OBJC_MSGSEND = YES;
				ENABLE_TESTABILITY = YES;
				GCC_C_LANGUAGE_STANDARD = gnu11;
				GCC_DYNAMIC_NO_PIC = NO;
				GCC_NO_COMMON_BLOCKS = YES;
				GCC_OPTIMIZATION_LEVEL = 0;
				GCC_PREPROCESSOR_DEFINITIONS = (
					"DEBUG=1",
					"$(inherited)",
				);
				GCC_WARN_64_TO_32_BIT_CONVERSION = YES;
				GCC_WARN_ABOUT_RETURN_TYPE = YES_ERROR;
				GCC_WARN_UNDECLARED_SELECTOR = YES;
				GCC_WARN_UNINITIALIZED_AUTOS = YES_AGGRESSIVE;
				GCC_WARN_UNUSED_FUNCTION = YES;
				GCC_WARN_UNUSED_VARIABLE = YES;
				MTL_ENABLE_DEBUG_INFO = INCLUDE_SOURCE;
				MTL_FAST_MATH = YES;
				ONLY_ACTIVE_ARCH = YES;
				SDKROOT = iphoneos;
				SWIFT_ACTIVE_COMPILATION_CONDITIONS = DEBUG;
				SWIFT_OPTIMIZATION_LEVEL = "-Onone";
			};
			name = Debug;
		};
		1155EBFB2817D20E0020F421 /* Release */ = {
			isa = XCBuildConfiguration;
			buildSettings = {
				ALWAYS_SEARCH_USER_PATHS = NO;
				CLANG_ANALYZER_NONNULL = YES;
				CLANG_ANALYZER_NUMBER_OBJECT_CONVERSION = YES_AGGRESSIVE;
				CLANG_CXX_LANGUAGE_STANDARD = "gnu++17";
				CLANG_ENABLE_MODULES = YES;
				CLANG_ENABLE_OBJC_ARC = YES;
				CLANG_ENABLE_OBJC_WEAK = YES;
				CLANG_WARN_BLOCK_CAPTURE_AUTORELEASING = YES;
				CLANG_WARN_BOOL_CONVERSION = YES;
				CLANG_WARN_COMMA = YES;
				CLANG_WARN_CONSTANT_CONVERSION = YES;
				CLANG_WARN_DEPRECATED_OBJC_IMPLEMENTATIONS = YES;
				CLANG_WARN_DIRECT_OBJC_ISA_USAGE = YES_ERROR;
				CLANG_WARN_DOCUMENTATION_COMMENTS = YES;
				CLANG_WARN_EMPTY_BODY = YES;
				CLANG_WARN_ENUM_CONVERSION = YES;
				CLANG_WARN_INFINITE_RECURSION = YES;
				CLANG_WARN_INT_CONVERSION = YES;
				CLANG_WARN_NON_LITERAL_NULL_CONVERSION = YES;
				CLANG_WARN_OBJC_IMPLICIT_RETAIN_SELF = YES;
				CLANG_WARN_OBJC_LITERAL_CONVERSION = YES;
				CLANG_WARN_OBJC_ROOT_CLASS = YES_ERROR;
				CLANG_WARN_QUOTED_INCLUDE_IN_FRAMEWORK_HEADER = YES;
				CLANG_WARN_RANGE_LOOP_ANALYSIS = YES;
				CLANG_WARN_STRICT_PROTOTYPES = YES;
				CLANG_WARN_SUSPICIOUS_MOVE = YES;
				CLANG_WARN_UNGUARDED_AVAILABILITY = YES_AGGRESSIVE;
				CLANG_WARN_UNREACHABLE_CODE = YES;
				CLANG_WARN__DUPLICATE_METHOD_MATCH = YES;
				COPY_PHASE_STRIP = NO;
				DEBUG_INFORMATION_FORMAT = "dwarf-with-dsym";
				ENABLE_NS_ASSERTIONS = NO;
				ENABLE_STRICT_OBJC_MSGSEND = YES;
				GCC_C_LANGUAGE_STANDARD = gnu11;
				GCC_NO_COMMON_BLOCKS = YES;
				GCC_WARN_64_TO_32_BIT_CONVERSION = YES;
				GCC_WARN_ABOUT_RETURN_TYPE = YES_ERROR;
				GCC_WARN_UNDECLARED_SELECTOR = YES;
				GCC_WARN_UNINITIALIZED_AUTOS = YES_AGGRESSIVE;
				GCC_WARN_UNUSED_FUNCTION = YES;
				GCC_WARN_UNUSED_VARIABLE = YES;
				MTL_ENABLE_DEBUG_INFO = NO;
				MTL_FAST_MATH = YES;
				SDKROOT = iphoneos;
				SWIFT_COMPILATION_MODE = wholemodule;
				SWIFT_OPTIMIZATION_LEVEL = "-O";
				VALIDATE_PRODUCT = YES;
			};
			name = Release;
		};
		1155EBFD2817D20E0020F421 /* Debug */ = {
			isa = XCBuildConfiguration;
			buildSettings = {
				ASSETCATALOG_COMPILER_COMPLICATION_NAME = Complication;
				CODE_SIGN_STYLE = Automatic;
				CURRENT_PROJECT_VERSION = 1;
				DEVELOPMENT_ASSET_PATHS = "\"VietDrip WatchKit Extension/Preview Content\"";
				DEVELOPMENT_TEAM = CD3LJB88Z9;
				ENABLE_PREVIEWS = YES;
				GENERATE_INFOPLIST_FILE = YES;
				INFOPLIST_FILE = "VietDrip WatchKit Extension/Info.plist";
				INFOPLIST_KEY_CFBundleDisplayName = "VietDrip WatchKit Extension";
				INFOPLIST_KEY_CLKComplicationPrincipalClass = VietDrip_WatchKit_Extension.ComplicationController;
				INFOPLIST_KEY_NSHumanReadableCopyright = "";
				INFOPLIST_KEY_WKWatchOnly = YES;
				LD_RUNPATH_SEARCH_PATHS = (
					"$(inherited)",
					"@executable_path/Frameworks",
					"@executable_path/../../Frameworks",
				);
				MARKETING_VERSION = 1.0;
				PRODUCT_BUNDLE_IDENTIFIER = com.theodorusclarence.VietDrip.watchkitapp.watchkitextension;
				PRODUCT_NAME = "${TARGET_NAME}";
				SDKROOT = watchos;
				SKIP_INSTALL = YES;
				SWIFT_EMIT_LOC_STRINGS = YES;
				SWIFT_VERSION = 5.0;
				TARGETED_DEVICE_FAMILY = 4;
				WATCHOS_DEPLOYMENT_TARGET = 8.5;
			};
			name = Debug;
		};
		1155EBFE2817D20E0020F421 /* Release */ = {
			isa = XCBuildConfiguration;
			buildSettings = {
				ASSETCATALOG_COMPILER_COMPLICATION_NAME = Complication;
				CODE_SIGN_STYLE = Automatic;
				CURRENT_PROJECT_VERSION = 1;
				DEVELOPMENT_ASSET_PATHS = "\"VietDrip WatchKit Extension/Preview Content\"";
				DEVELOPMENT_TEAM = CD3LJB88Z9;
				ENABLE_PREVIEWS = YES;
				GENERATE_INFOPLIST_FILE = YES;
				INFOPLIST_FILE = "VietDrip WatchKit Extension/Info.plist";
				INFOPLIST_KEY_CFBundleDisplayName = "VietDrip WatchKit Extension";
				INFOPLIST_KEY_CLKComplicationPrincipalClass = VietDrip_WatchKit_Extension.ComplicationController;
				INFOPLIST_KEY_NSHumanReadableCopyright = "";
				INFOPLIST_KEY_WKWatchOnly = YES;
				LD_RUNPATH_SEARCH_PATHS = (
					"$(inherited)",
					"@executable_path/Frameworks",
					"@executable_path/../../Frameworks",
				);
				MARKETING_VERSION = 1.0;
				PRODUCT_BUNDLE_IDENTIFIER = com.theodorusclarence.VietDrip.watchkitapp.watchkitextension;
				PRODUCT_NAME = "${TARGET_NAME}";
				SDKROOT = watchos;
				SKIP_INSTALL = YES;
				SWIFT_EMIT_LOC_STRINGS = YES;
				SWIFT_VERSION = 5.0;
				TARGETED_DEVICE_FAMILY = 4;
				WATCHOS_DEPLOYMENT_TARGET = 8.5;
			};
			name = Release;
		};
		1155EC012817D20E0020F421 /* Debug */ = {
			isa = XCBuildConfiguration;
			buildSettings = {
				ALWAYS_EMBED_SWIFT_STANDARD_LIBRARIES = YES;
				ASSETCATALOG_COMPILER_APPICON_NAME = AppIcon;
				ASSETCATALOG_COMPILER_GLOBAL_ACCENT_COLOR_NAME = AccentColor;
				CODE_SIGN_STYLE = Automatic;
				CURRENT_PROJECT_VERSION = 1;
				DEVELOPMENT_TEAM = CD3LJB88Z9;
				GENERATE_INFOPLIST_FILE = YES;
				IBSC_MODULE = VietDrip_WatchKit_Extension;
				INFOPLIST_KEY_CFBundleDisplayName = "VietDrip WatchKit App";
				INFOPLIST_KEY_UISupportedInterfaceOrientations = "UIInterfaceOrientationPortrait UIInterfaceOrientationPortraitUpsideDown";
				MARKETING_VERSION = 1.0;
				PRODUCT_BUNDLE_IDENTIFIER = com.theodorusclarence.VietDrip.watchkitapp;
				PRODUCT_NAME = "$(TARGET_NAME)";
				SDKROOT = watchos;
				SKIP_INSTALL = YES;
				SWIFT_EMIT_LOC_STRINGS = YES;
				SWIFT_VERSION = 5.0;
				TARGETED_DEVICE_FAMILY = 4;
				WATCHOS_DEPLOYMENT_TARGET = 8.5;
			};
			name = Debug;
		};
		1155EC022817D20E0020F421 /* Release */ = {
			isa = XCBuildConfiguration;
			buildSettings = {
				ALWAYS_EMBED_SWIFT_STANDARD_LIBRARIES = YES;
				ASSETCATALOG_COMPILER_APPICON_NAME = AppIcon;
				ASSETCATALOG_COMPILER_GLOBAL_ACCENT_COLOR_NAME = AccentColor;
				CODE_SIGN_STYLE = Automatic;
				CURRENT_PROJECT_VERSION = 1;
				DEVELOPMENT_TEAM = CD3LJB88Z9;
				GENERATE_INFOPLIST_FILE = YES;
				IBSC_MODULE = VietDrip_WatchKit_Extension;
				INFOPLIST_KEY_CFBundleDisplayName = "VietDrip WatchKit App";
				INFOPLIST_KEY_UISupportedInterfaceOrientations = "UIInterfaceOrientationPortrait UIInterfaceOrientationPortraitUpsideDown";
				MARKETING_VERSION = 1.0;
				PRODUCT_BUNDLE_IDENTIFIER = com.theodorusclarence.VietDrip.watchkitapp;
				PRODUCT_NAME = "$(TARGET_NAME)";
				SDKROOT = watchos;
				SKIP_INSTALL = YES;
				SWIFT_EMIT_LOC_STRINGS = YES;
				SWIFT_VERSION = 5.0;
				TARGETED_DEVICE_FAMILY = 4;
				WATCHOS_DEPLOYMENT_TARGET = 8.5;
			};
			name = Release;
		};
		1155EC052817D20E0020F421 /* Debug */ = {
			isa = XCBuildConfiguration;
			buildSettings = {
				CODE_SIGN_STYLE = Automatic;
				CURRENT_PROJECT_VERSION = 1;
				DEVELOPMENT_TEAM = CD3LJB88Z9;
				MARKETING_VERSION = 1.0;
				PRODUCT_BUNDLE_IDENTIFIER = com.theodorusclarence.VietDrip;
				PRODUCT_NAME = "$(TARGET_NAME)";
				SWIFT_VERSION = 5.0;
			};
			name = Debug;
		};
		1155EC062817D20E0020F421 /* Release */ = {
			isa = XCBuildConfiguration;
			buildSettings = {
				CODE_SIGN_STYLE = Automatic;
				CURRENT_PROJECT_VERSION = 1;
				DEVELOPMENT_TEAM = CD3LJB88Z9;
				MARKETING_VERSION = 1.0;
				PRODUCT_BUNDLE_IDENTIFIER = com.theodorusclarence.VietDrip;
				PRODUCT_NAME = "$(TARGET_NAME)";
				SWIFT_VERSION = 5.0;
			};
			name = Release;
		};
/* End XCBuildConfiguration section */

/* Begin XCConfigurationList section */
		1155EBD22817D20C0020F421 /* Build configuration list for PBXProject "VietDrip" */ = {
			isa = XCConfigurationList;
			buildConfigurations = (
				1155EBFA2817D20E0020F421 /* Debug */,
				1155EBFB2817D20E0020F421 /* Release */,
			);
			defaultConfigurationIsVisible = 0;
			defaultConfigurationName = Release;
		};
		1155EBFC2817D20E0020F421 /* Build configuration list for PBXNativeTarget "VietDrip WatchKit Extension" */ = {
			isa = XCConfigurationList;
			buildConfigurations = (
				1155EBFD2817D20E0020F421 /* Debug */,
				1155EBFE2817D20E0020F421 /* Release */,
			);
			defaultConfigurationIsVisible = 0;
			defaultConfigurationName = Release;
		};
		1155EC002817D20E0020F421 /* Build configuration list for PBXNativeTarget "VietDrip WatchKit App" */ = {
			isa = XCConfigurationList;
			buildConfigurations = (
				1155EC012817D20E0020F421 /* Debug */,
				1155EC022817D20E0020F421 /* Release */,
			);
			defaultConfigurationIsVisible = 0;
			defaultConfigurationName = Release;
		};
		1155EC042817D20E0020F421 /* Build configuration list for PBXNativeTarget "VietDrip" */ = {
			isa = XCConfigurationList;
			buildConfigurations = (
				1155EC052817D20E0020F421 /* Debug */,
				1155EC062817D20E0020F421 /* Release */,
			);
			defaultConfigurationIsVisible = 0;
			defaultConfigurationName = Release;
		};
/* End XCConfigurationList section */
	};
	rootObject = 1155EBCF2817D20C0020F421 /* Project object */;
}
